
Microsoft Visual Studio Solution File, Format Version 12.00
# Visual Studio Version 17
VisualStudioVersion = 17.10.34928.147
MinimumVisualStudioVersion = 10.0.40219.1
Project("{9A19103F-16F7-4668-BE54-9A1E7A4F7556}") = "Z1all.ExecutionResult", "ExecutionResult\Z1all.ExecutionResult.csproj", "{AB3D18DB-84F5-4D8D-856D-AE2BA416729B}"
EndProject
Global
	GlobalSection(SolutionConfigurationPlatforms) = preSolution
		Debug|Any CPU = Debug|Any CPU
		Release|Any CPU = Release|Any CPU
	EndGlobalSection
	GlobalSection(ProjectConfigurationPlatforms) = postSolution
		{AB3D18DB-84F5-4D8D-856D-AE2BA416729B}.Debug|Any CPU.ActiveCfg = Debug|Any CPU
		{AB3D18DB-84F5-4D8D-856D-AE2BA416729B}.Debug|Any CPU.Build.0 = Debug|Any CPU
		{AB3D18DB-84F5-4D8D-856D-AE2BA416729B}.Release|Any CPU.ActiveCfg = Release|Any CPU
		{AB3D18DB-84F5-4D8D-856D-AE2BA416729B}.Release|Any CPU.Build.0 = Release|Any CPU
	EndGlobalSection
	GlobalSection(SolutionProperties) = preSolution
		HideSolutionNode = FALSE
	EndGlobalSection
	GlobalSection(ExtensibilityGlobals) = postSolution
		SolutionGuid = {26AABEA9-EB69-4801-BC53-05EA1564BDB9}
	EndGlobalSection
EndGlobal
