
Microsoft Visual Studio Solution File, Format Version 12.00
# Visual Studio Version 17
VisualStudioVersion = 17.10.34928.147
MinimumVisualStudioVersion = 10.0.40219.1
Project("{FAE04EC0-301F-11D3-BF4B-00C04F79EFBC}") = "ExecutionResult.Console", "ExecutionResult.Console\ExecutionResult.Console.csproj", "{EFB06FCE-6058-4A2C-A82D-B36D31DAECA8}"
EndProject
Project("{FAE04EC0-301F-11D3-BF4B-00C04F79EFBC}") = "ExecutionResult", "ExecutionResult\ExecutionResult.csproj", "{AB3D18DB-84F5-4D8D-856D-AE2BA416729B}"
EndProject
Global
	GlobalSection(SolutionConfigurationPlatforms) = preSolution
		Debug|Any CPU = Debug|Any CPU
		Release|Any CPU = Release|Any CPU
	EndGlobalSection
	GlobalSection(ProjectConfigurationPlatforms) = postSolution
		{EFB06FCE-6058-4A2C-A82D-B36D31DAECA8}.Debug|Any CPU.ActiveCfg = Debug|Any CPU
		{EFB06FCE-6058-4A2C-A82D-B36D31DAECA8}.Debug|Any CPU.Build.0 = Debug|Any CPU
		{EFB06FCE-6058-4A2C-A82D-B36D31DAECA8}.Release|Any CPU.ActiveCfg = Release|Any CPU
		{EFB06FCE-6058-4A2C-A82D-B36D31DAECA8}.Release|Any CPU.Build.0 = Release|Any CPU
		{AB3D18DB-84F5-4D8D-856D-AE2BA416729B}.Debug|Any CPU.ActiveCfg = Debug|Any CPU
		{AB3D18DB-84F5-4D8D-856D-AE2BA416729B}.Debug|Any CPU.Build.0 = Debug|Any CPU
		{AB3D18DB-84F5-4D8D-856D-AE2BA416729B}.Release|Any CPU.ActiveCfg = Release|Any CPU
		{AB3D18DB-84F5-4D8D-856D-AE2BA416729B}.Release|Any CPU.Build.0 = Release|Any CPU
	EndGlobalSection
	GlobalSection(SolutionProperties) = preSolution
		HideSolutionNode = FALSE
	EndGlobalSection
	GlobalSection(ExtensibilityGlobals) = postSolution
		SolutionGuid = {26AABEA9-EB69-4801-BC53-05EA1564BDB9}
	EndGlobalSection
EndGlobal
